
Microsoft Visual Studio Solution File, Format Version 12.00
# Visual Studio Version 17
VisualStudioVersion = 17.9.34616.47
MinimumVisualStudioVersion = 10.0.40219.1
Project("{FAE04EC0-301F-11D3-BF4B-00C04F79EFBC}") = "ShopApp", "ShopApp\ShopApp.csproj", "{68D2A414-3BF3-4765-8042-3786C48EBB1C}"
EndProject
Global
	GlobalSection(SolutionConfigurationPlatforms) = preSolution
		Debug|Any CPU = Debug|Any CPU
		Release|Any CPU = Release|Any CPU
	EndGlobalSection
	GlobalSection(ProjectConfigurationPlatforms) = postSolution
		{68D2A414-3BF3-4765-8042-3786C48EBB1C}.Debug|Any CPU.ActiveCfg = Debug|Any CPU
		{68D2A414-3BF3-4765-8042-3786C48EBB1C}.Debug|Any CPU.Build.0 = Debug|Any CPU
		{68D2A414-3BF3-4765-8042-3786C48EBB1C}.Release|Any CPU.ActiveCfg = Release|Any CPU
		{68D2A414-3BF3-4765-8042-3786C48EBB1C}.Release|Any CPU.Build.0 = Release|Any CPU
	EndGlobalSection
	GlobalSection(SolutionProperties) = preSolution
		HideSolutionNode = FALSE
	EndGlobalSection
	GlobalSection(ExtensibilityGlobals) = postSolution
		SolutionGuid = {B3027F0C-9AF4-4B1E-A07A-BD364628D949}
	EndGlobalSection
EndGlobal
